
Microsoft Visual Studio Solution File, Format Version 12.00
# Visual Studio Version 17
VisualStudioVersion = 17.0.31903.59
MinimumVisualStudioVersion = 10.0.40219.1
Project("{2150E333-8FDC-42A3-9474-1A3956D46DE8}") = "src", "src", "{827E0CD3-B72D-47B6-A68D-7590B98EB39B}"
EndProject
Project("{FAE04EC0-301F-11D3-BF4B-00C04F79EFBC}") = "DocFlow.Domain", "src\DocFlow.Domain\DocFlow.Domain.csproj", "{85F89583-CA7F-401D-ABC6-DCDBEE1B369C}"
EndProject
Project("{FAE04EC0-301F-11D3-BF4B-00C04F79EFBC}") = "DocFlow.Application", "src\DocFlow.Application\DocFlow.Application.csproj", "{526DEEA7-44E2-4C72-B19C-AF138FBCA865}"
EndProject
Project("{FAE04EC0-301F-11D3-BF4B-00C04F79EFBC}") = "DocFlow.Infrastructure", "src\DocFlow.Infrastructure\DocFlow.Infrastructure.csproj", "{587A8BE0-3B7D-4918-B3E4-B810832D5A50}"
EndProject
Project("{FAE04EC0-301F-11D3-BF4B-00C04F79EFBC}") = "DocFlow.Api", "src\DocFlow.Api\DocFlow.Api.csproj", "{908BC779-7C02-4F81-B7B1-7E77D99D083D}"
EndProject
Project("{2150E333-8FDC-42A3-9474-1A3956D46DE8}") = "tests", "tests", "{0AB3BF05-4346-4AA6-1389-037BE0695223}"
EndProject
Project("{FAE04EC0-301F-11D3-BF4B-00C04F79EFBC}") = "DocFlow.ApiTests", "tests\DocFlow.ApiTests\DocFlow.ApiTests.csproj", "{A60438D2-476E-470A-B23A-ABC72A5CC78F}"
EndProject
Project("{FAE04EC0-301F-11D3-BF4B-00C04F79EFBC}") = "DocFlow.ApplicationTests", "tests\DocFlow.ApplicationTests\DocFlow.ApplicationTests.csproj", "{966DD5A8-497B-4B70-A0A8-EEBC9BCE236A}"
EndProject
Project("{FAE04EC0-301F-11D3-BF4B-00C04F79EFBC}") = "DocFlow.DomainTests", "tests\DocFlow.DomainTests\DocFlow.DomainTests.csproj", "{58370B02-82EB-4244-AE19-E095664399CB}"
EndProject
Project("{FAE04EC0-301F-11D3-BF4B-00C04F79EFBC}") = "DocFlow.HostTests", "tests\DocFlow.HostTests\DocFlow.HostTests.csproj", "{189D3737-A8E8-4FE1-A997-6613F089363A}"
EndProject
Project("{FAE04EC0-301F-11D3-BF4B-00C04F79EFBC}") = "DocFlow.InfrastructureTests", "tests\DocFlow.InfrastructureTests\DocFlow.InfrastructureTests.csproj", "{693D1B2E-7A41-40A4-9953-444EC41B8B81}"
EndProject
Project("{FAE04EC0-301F-11D3-BF4B-00C04F79EFBC}") = "DocFlow.Host", "src\DocFlow.Host\DocFlow.Host.csproj", "{5669C660-7FD3-4269-84FD-571F7A9A3226}"
EndProject
Project("{2150E333-8FDC-42A3-9474-1A3956D46DE8}") = "Solution Items", "Solution Items", "{8EC462FD-D22E-90A8-E5CE-7E832BA40C5D}"
	ProjectSection(SolutionItems) = preProject
		.editorconfig = .editorconfig
		ddl-001.md = ddl-001.md
		ddl-002.md = ddl-002.md
		design-decision-log.md = design-decision-log.md
		Directory.Packages.props = Directory.Packages.props
		glossary.md = glossary.md
		readme.md = readme.md
		scenario-station.md = scenario-station.md
		scenario.md = scenario.md
	EndProjectSection
EndProject
Global
	GlobalSection(SolutionConfigurationPlatforms) = preSolution
		Debug|Any CPU = Debug|Any CPU
		Debug|x64 = Debug|x64
		Debug|x86 = Debug|x86
		Release|Any CPU = Release|Any CPU
		Release|x64 = Release|x64
		Release|x86 = Release|x86
	EndGlobalSection
	GlobalSection(ProjectConfigurationPlatforms) = postSolution
		{85F89583-CA7F-401D-ABC6-DCDBEE1B369C}.Debug|Any CPU.ActiveCfg = Debug|Any CPU
		{85F89583-CA7F-401D-ABC6-DCDBEE1B369C}.Debug|Any CPU.Build.0 = Debug|Any CPU
		{85F89583-CA7F-401D-ABC6-DCDBEE1B369C}.Debug|x64.ActiveCfg = Debug|Any CPU
		{85F89583-CA7F-401D-ABC6-DCDBEE1B369C}.Debug|x64.Build.0 = Debug|Any CPU
		{85F89583-CA7F-401D-ABC6-DCDBEE1B369C}.Debug|x86.ActiveCfg = Debug|Any CPU
		{85F89583-CA7F-401D-ABC6-DCDBEE1B369C}.Debug|x86.Build.0 = Debug|Any CPU
		{85F89583-CA7F-401D-ABC6-DCDBEE1B369C}.Release|Any CPU.ActiveCfg = Release|Any CPU
		{85F89583-CA7F-401D-ABC6-DCDBEE1B369C}.Release|Any CPU.Build.0 = Release|Any CPU
		{85F89583-CA7F-401D-ABC6-DCDBEE1B369C}.Release|x64.ActiveCfg = Release|Any CPU
		{85F89583-CA7F-401D-ABC6-DCDBEE1B369C}.Release|x64.Build.0 = Release|Any CPU
		{85F89583-CA7F-401D-ABC6-DCDBEE1B369C}.Release|x86.ActiveCfg = Release|Any CPU
		{85F89583-CA7F-401D-ABC6-DCDBEE1B369C}.Release|x86.Build.0 = Release|Any CPU
		{526DEEA7-44E2-4C72-B19C-AF138FBCA865}.Debug|Any CPU.ActiveCfg = Debug|Any CPU
		{526DEEA7-44E2-4C72-B19C-AF138FBCA865}.Debug|Any CPU.Build.0 = Debug|Any CPU
		{526DEEA7-44E2-4C72-B19C-AF138FBCA865}.Debug|x64.ActiveCfg = Debug|Any CPU
		{526DEEA7-44E2-4C72-B19C-AF138FBCA865}.Debug|x64.Build.0 = Debug|Any CPU
		{526DEEA7-44E2-4C72-B19C-AF138FBCA865}.Debug|x86.ActiveCfg = Debug|Any CPU
		{526DEEA7-44E2-4C72-B19C-AF138FBCA865}.Debug|x86.Build.0 = Debug|Any CPU
		{526DEEA7-44E2-4C72-B19C-AF138FBCA865}.Release|Any CPU.ActiveCfg = Release|Any CPU
		{526DEEA7-44E2-4C72-B19C-AF138FBCA865}.Release|Any CPU.Build.0 = Release|Any CPU
		{526DEEA7-44E2-4C72-B19C-AF138FBCA865}.Release|x64.ActiveCfg = Release|Any CPU
		{526DEEA7-44E2-4C72-B19C-AF138FBCA865}.Release|x64.Build.0 = Release|Any CPU
		{526DEEA7-44E2-4C72-B19C-AF138FBCA865}.Release|x86.ActiveCfg = Release|Any CPU
		{526DEEA7-44E2-4C72-B19C-AF138FBCA865}.Release|x86.Build.0 = Release|Any CPU
		{587A8BE0-3B7D-4918-B3E4-B810832D5A50}.Debug|Any CPU.ActiveCfg = Debug|Any CPU
		{587A8BE0-3B7D-4918-B3E4-B810832D5A50}.Debug|Any CPU.Build.0 = Debug|Any CPU
		{587A8BE0-3B7D-4918-B3E4-B810832D5A50}.Debug|x64.ActiveCfg = Debug|Any CPU
		{587A8BE0-3B7D-4918-B3E4-B810832D5A50}.Debug|x64.Build.0 = Debug|Any CPU
		{587A8BE0-3B7D-4918-B3E4-B810832D5A50}.Debug|x86.ActiveCfg = Debug|Any CPU
		{587A8BE0-3B7D-4918-B3E4-B810832D5A50}.Debug|x86.Build.0 = Debug|Any CPU
		{587A8BE0-3B7D-4918-B3E4-B810832D5A50}.Release|Any CPU.ActiveCfg = Release|Any CPU
		{587A8BE0-3B7D-4918-B3E4-B810832D5A50}.Release|Any CPU.Build.0 = Release|Any CPU
		{587A8BE0-3B7D-4918-B3E4-B810832D5A50}.Release|x64.ActiveCfg = Release|Any CPU
		{587A8BE0-3B7D-4918-B3E4-B810832D5A50}.Release|x64.Build.0 = Release|Any CPU
		{587A8BE0-3B7D-4918-B3E4-B810832D5A50}.Release|x86.ActiveCfg = Release|Any CPU
		{587A8BE0-3B7D-4918-B3E4-B810832D5A50}.Release|x86.Build.0 = Release|Any CPU
		{908BC779-7C02-4F81-B7B1-7E77D99D083D}.Debug|Any CPU.ActiveCfg = Debug|Any CPU
		{908BC779-7C02-4F81-B7B1-7E77D99D083D}.Debug|Any CPU.Build.0 = Debug|Any CPU
		{908BC779-7C02-4F81-B7B1-7E77D99D083D}.Debug|x64.ActiveCfg = Debug|Any CPU
		{908BC779-7C02-4F81-B7B1-7E77D99D083D}.Debug|x64.Build.0 = Debug|Any CPU
		{908BC779-7C02-4F81-B7B1-7E77D99D083D}.Debug|x86.ActiveCfg = Debug|Any CPU
		{908BC779-7C02-4F81-B7B1-7E77D99D083D}.Debug|x86.Build.0 = Debug|Any CPU
		{908BC779-7C02-4F81-B7B1-7E77D99D083D}.Release|Any CPU.ActiveCfg = Release|Any CPU
		{908BC779-7C02-4F81-B7B1-7E77D99D083D}.Release|Any CPU.Build.0 = Release|Any CPU
		{908BC779-7C02-4F81-B7B1-7E77D99D083D}.Release|x64.ActiveCfg = Release|Any CPU
		{908BC779-7C02-4F81-B7B1-7E77D99D083D}.Release|x64.Build.0 = Release|Any CPU
		{908BC779-7C02-4F81-B7B1-7E77D99D083D}.Release|x86.ActiveCfg = Release|Any CPU
		{908BC779-7C02-4F81-B7B1-7E77D99D083D}.Release|x86.Build.0 = Release|Any CPU
		{A60438D2-476E-470A-B23A-ABC72A5CC78F}.Debug|Any CPU.ActiveCfg = Debug|Any CPU
		{A60438D2-476E-470A-B23A-ABC72A5CC78F}.Debug|Any CPU.Build.0 = Debug|Any CPU
		{A60438D2-476E-470A-B23A-ABC72A5CC78F}.Debug|x64.ActiveCfg = Debug|Any CPU
		{A60438D2-476E-470A-B23A-ABC72A5CC78F}.Debug|x64.Build.0 = Debug|Any CPU
		{A60438D2-476E-470A-B23A-ABC72A5CC78F}.Debug|x86.ActiveCfg = Debug|Any CPU
		{A60438D2-476E-470A-B23A-ABC72A5CC78F}.Debug|x86.Build.0 = Debug|Any CPU
		{A60438D2-476E-470A-B23A-ABC72A5CC78F}.Release|Any CPU.ActiveCfg = Release|Any CPU
		{A60438D2-476E-470A-B23A-ABC72A5CC78F}.Release|Any CPU.Build.0 = Release|Any CPU
		{A60438D2-476E-470A-B23A-ABC72A5CC78F}.Release|x64.ActiveCfg = Release|Any CPU
		{A60438D2-476E-470A-B23A-ABC72A5CC78F}.Release|x64.Build.0 = Release|Any CPU
		{A60438D2-476E-470A-B23A-ABC72A5CC78F}.Release|x86.ActiveCfg = Release|Any CPU
		{A60438D2-476E-470A-B23A-ABC72A5CC78F}.Release|x86.Build.0 = Release|Any CPU
		{966DD5A8-497B-4B70-A0A8-EEBC9BCE236A}.Debug|Any CPU.ActiveCfg = Debug|Any CPU
		{966DD5A8-497B-4B70-A0A8-EEBC9BCE236A}.Debug|Any CPU.Build.0 = Debug|Any CPU
		{966DD5A8-497B-4B70-A0A8-EEBC9BCE236A}.Debug|x64.ActiveCfg = Debug|Any CPU
		{966DD5A8-497B-4B70-A0A8-EEBC9BCE236A}.Debug|x64.Build.0 = Debug|Any CPU
		{966DD5A8-497B-4B70-A0A8-EEBC9BCE236A}.Debug|x86.ActiveCfg = Debug|Any CPU
		{966DD5A8-497B-4B70-A0A8-EEBC9BCE236A}.Debug|x86.Build.0 = Debug|Any CPU
		{966DD5A8-497B-4B70-A0A8-EEBC9BCE236A}.Release|Any CPU.ActiveCfg = Release|Any CPU
		{966DD5A8-497B-4B70-A0A8-EEBC9BCE236A}.Release|Any CPU.Build.0 = Release|Any CPU
		{966DD5A8-497B-4B70-A0A8-EEBC9BCE236A}.Release|x64.ActiveCfg = Release|Any CPU
		{966DD5A8-497B-4B70-A0A8-EEBC9BCE236A}.Release|x64.Build.0 = Release|Any CPU
		{966DD5A8-497B-4B70-A0A8-EEBC9BCE236A}.Release|x86.ActiveCfg = Release|Any CPU
		{966DD5A8-497B-4B70-A0A8-EEBC9BCE236A}.Release|x86.Build.0 = Release|Any CPU
		{58370B02-82EB-4244-AE19-E095664399CB}.Debug|Any CPU.ActiveCfg = Debug|Any CPU
		{58370B02-82EB-4244-AE19-E095664399CB}.Debug|Any CPU.Build.0 = Debug|Any CPU
		{58370B02-82EB-4244-AE19-E095664399CB}.Debug|x64.ActiveCfg = Debug|Any CPU
		{58370B02-82EB-4244-AE19-E095664399CB}.Debug|x64.Build.0 = Debug|Any CPU
		{58370B02-82EB-4244-AE19-E095664399CB}.Debug|x86.ActiveCfg = Debug|Any CPU
		{58370B02-82EB-4244-AE19-E095664399CB}.Debug|x86.Build.0 = Debug|Any CPU
		{58370B02-82EB-4244-AE19-E095664399CB}.Release|Any CPU.ActiveCfg = Release|Any CPU
		{58370B02-82EB-4244-AE19-E095664399CB}.Release|Any CPU.Build.0 = Release|Any CPU
		{58370B02-82EB-4244-AE19-E095664399CB}.Release|x64.ActiveCfg = Release|Any CPU
		{58370B02-82EB-4244-AE19-E095664399CB}.Release|x64.Build.0 = Release|Any CPU
		{58370B02-82EB-4244-AE19-E095664399CB}.Release|x86.ActiveCfg = Release|Any CPU
		{58370B02-82EB-4244-AE19-E095664399CB}.Release|x86.Build.0 = Release|Any CPU
		{189D3737-A8E8-4FE1-A997-6613F089363A}.Debug|Any CPU.ActiveCfg = Debug|Any CPU
		{189D3737-A8E8-4FE1-A997-6613F089363A}.Debug|Any CPU.Build.0 = Debug|Any CPU
		{189D3737-A8E8-4FE1-A997-6613F089363A}.Debug|x64.ActiveCfg = Debug|Any CPU
		{189D3737-A8E8-4FE1-A997-6613F089363A}.Debug|x64.Build.0 = Debug|Any CPU
		{189D3737-A8E8-4FE1-A997-6613F089363A}.Debug|x86.ActiveCfg = Debug|Any CPU
		{189D3737-A8E8-4FE1-A997-6613F089363A}.Debug|x86.Build.0 = Debug|Any CPU
		{189D3737-A8E8-4FE1-A997-6613F089363A}.Release|Any CPU.ActiveCfg = Release|Any CPU
		{189D3737-A8E8-4FE1-A997-6613F089363A}.Release|Any CPU.Build.0 = Release|Any CPU
		{189D3737-A8E8-4FE1-A997-6613F089363A}.Release|x64.ActiveCfg = Release|Any CPU
		{189D3737-A8E8-4FE1-A997-6613F089363A}.Release|x64.Build.0 = Release|Any CPU
		{189D3737-A8E8-4FE1-A997-6613F089363A}.Release|x86.ActiveCfg = Release|Any CPU
		{189D3737-A8E8-4FE1-A997-6613F089363A}.Release|x86.Build.0 = Release|Any CPU
		{693D1B2E-7A41-40A4-9953-444EC41B8B81}.Debug|Any CPU.ActiveCfg = Debug|Any CPU
		{693D1B2E-7A41-40A4-9953-444EC41B8B81}.Debug|Any CPU.Build.0 = Debug|Any CPU
		{693D1B2E-7A41-40A4-9953-444EC41B8B81}.Debug|x64.ActiveCfg = Debug|Any CPU
		{693D1B2E-7A41-40A4-9953-444EC41B8B81}.Debug|x64.Build.0 = Debug|Any CPU
		{693D1B2E-7A41-40A4-9953-444EC41B8B81}.Debug|x86.ActiveCfg = Debug|Any CPU
		{693D1B2E-7A41-40A4-9953-444EC41B8B81}.Debug|x86.Build.0 = Debug|Any CPU
		{693D1B2E-7A41-40A4-9953-444EC41B8B81}.Release|Any CPU.ActiveCfg = Release|Any CPU
		{693D1B2E-7A41-40A4-9953-444EC41B8B81}.Release|Any CPU.Build.0 = Release|Any CPU
		{693D1B2E-7A41-40A4-9953-444EC41B8B81}.Release|x64.ActiveCfg = Release|Any CPU
		{693D1B2E-7A41-40A4-9953-444EC41B8B81}.Release|x64.Build.0 = Release|Any CPU
		{693D1B2E-7A41-40A4-9953-444EC41B8B81}.Release|x86.ActiveCfg = Release|Any CPU
		{693D1B2E-7A41-40A4-9953-444EC41B8B81}.Release|x86.Build.0 = Release|Any CPU
		{5669C660-7FD3-4269-84FD-571F7A9A3226}.Debug|Any CPU.ActiveCfg = Debug|Any CPU
		{5669C660-7FD3-4269-84FD-571F7A9A3226}.Debug|Any CPU.Build.0 = Debug|Any CPU
		{5669C660-7FD3-4269-84FD-571F7A9A3226}.Debug|x64.ActiveCfg = Debug|Any CPU
		{5669C660-7FD3-4269-84FD-571F7A9A3226}.Debug|x64.Build.0 = Debug|Any CPU
		{5669C660-7FD3-4269-84FD-571F7A9A3226}.Debug|x86.ActiveCfg = Debug|Any CPU
		{5669C660-7FD3-4269-84FD-571F7A9A3226}.Debug|x86.Build.0 = Debug|Any CPU
		{5669C660-7FD3-4269-84FD-571F7A9A3226}.Release|Any CPU.ActiveCfg = Release|Any CPU
		{5669C660-7FD3-4269-84FD-571F7A9A3226}.Release|Any CPU.Build.0 = Release|Any CPU
		{5669C660-7FD3-4269-84FD-571F7A9A3226}.Release|x64.ActiveCfg = Release|Any CPU
		{5669C660-7FD3-4269-84FD-571F7A9A3226}.Release|x64.Build.0 = Release|Any CPU
		{5669C660-7FD3-4269-84FD-571F7A9A3226}.Release|x86.ActiveCfg = Release|Any CPU
		{5669C660-7FD3-4269-84FD-571F7A9A3226}.Release|x86.Build.0 = Release|Any CPU
	EndGlobalSection
	GlobalSection(SolutionProperties) = preSolution
		HideSolutionNode = FALSE
	EndGlobalSection
	GlobalSection(NestedProjects) = preSolution
		{85F89583-CA7F-401D-ABC6-DCDBEE1B369C} = {827E0CD3-B72D-47B6-A68D-7590B98EB39B}
		{526DEEA7-44E2-4C72-B19C-AF138FBCA865} = {827E0CD3-B72D-47B6-A68D-7590B98EB39B}
		{587A8BE0-3B7D-4918-B3E4-B810832D5A50} = {827E0CD3-B72D-47B6-A68D-7590B98EB39B}
		{908BC779-7C02-4F81-B7B1-7E77D99D083D} = {827E0CD3-B72D-47B6-A68D-7590B98EB39B}
		{A60438D2-476E-470A-B23A-ABC72A5CC78F} = {0AB3BF05-4346-4AA6-1389-037BE0695223}
		{966DD5A8-497B-4B70-A0A8-EEBC9BCE236A} = {0AB3BF05-4346-4AA6-1389-037BE0695223}
		{58370B02-82EB-4244-AE19-E095664399CB} = {0AB3BF05-4346-4AA6-1389-037BE0695223}
		{189D3737-A8E8-4FE1-A997-6613F089363A} = {0AB3BF05-4346-4AA6-1389-037BE0695223}
		{693D1B2E-7A41-40A4-9953-444EC41B8B81} = {0AB3BF05-4346-4AA6-1389-037BE0695223}
		{5669C660-7FD3-4269-84FD-571F7A9A3226} = {827E0CD3-B72D-47B6-A68D-7590B98EB39B}
	EndGlobalSection
	GlobalSection(ExtensibilityGlobals) = postSolution
		SolutionGuid = {69FFCF43-41F3-4003-8857-AB413C039802}
	EndGlobalSection
EndGlobal
